// !$*UTF8*$!
{
	archiveVersion = 1;
	classes = {
	};
	objectVersion = 56;
	objects = {

/* Begin PBXBuildFile section */
		9B3664BA2A6A3BD2009E2161 /* AppDelegate.swift in Sources */ = {isa = PBXBuildFile; fileRef = 9B3664B92A6A3BD2009E2161 /* AppDelegate.swift */; };
		9B3664BC2A6A3BD2009E2161 /* SceneDelegate.swift in Sources */ = {isa = PBXBuildFile; fileRef = 9B3664BB2A6A3BD2009E2161 /* SceneDelegate.swift */; };
		9B3664BE2A6A3BD2009E2161 /* ViewController.swift in Sources */ = {isa = PBXBuildFile; fileRef = 9B3664BD2A6A3BD2009E2161 /* ViewController.swift */; };
		9B3664C12A6A3BD2009E2161 /* Main.storyboard in Resources */ = {isa = PBXBuildFile; fileRef = 9B3664BF2A6A3BD2009E2161 /* Main.storyboard */; };
		9B3664C32A6A3BD7009E2161 /* Assets.xcassets in Resources */ = {isa = PBXBuildFile; fileRef = 9B3664C22A6A3BD7009E2161 /* Assets.xcassets */; };
		9B3664C62A6A3BD7009E2161 /* LaunchScreen.storyboard in Resources */ = {isa = PBXBuildFile; fileRef = 9B3664C42A6A3BD7009E2161 /* LaunchScreen.storyboard */; };
		9B3664D12A6A3BD7009E2161 /* Project39Tests.swift in Sources */ = {isa = PBXBuildFile; fileRef = 9B3664D02A6A3BD7009E2161 /* Project39Tests.swift */; };
		9B3664DB2A6A3BD7009E2161 /* Project39UITests.swift in Sources */ = {isa = PBXBuildFile; fileRef = 9B3664DA2A6A3BD7009E2161 /* Project39UITests.swift */; };
		9B3664DD2A6A3BD7009E2161 /* Project39UITestsLaunchTests.swift in Sources */ = {isa = PBXBuildFile; fileRef = 9B3664DC2A6A3BD7009E2161 /* Project39UITestsLaunchTests.swift */; };
		9B3664EA2A6A3C39009E2161 /* plays.txt in Resources */ = {isa = PBXBuildFile; fileRef = 9B3664E92A6A3C38009E2161 /* plays.txt */; };
		9B3664EC2A6A3EB1009E2161 /* PlayData.swift in Sources */ = {isa = PBXBuildFile; fileRef = 9B3664EB2A6A3EB1009E2161 /* PlayData.swift */; };
/* End PBXBuildFile section */

/* Begin PBXContainerItemProxy section */
		9B3664CD2A6A3BD7009E2161 /* PBXContainerItemProxy */ = {
			isa = PBXContainerItemProxy;
			containerPortal = 9B3664AE2A6A3BD2009E2161 /* Project object */;
			proxyType = 1;
			remoteGlobalIDString = 9B3664B52A6A3BD2009E2161;
			remoteInfo = Project39;
		};
		9B3664D72A6A3BD7009E2161 /* PBXContainerItemProxy */ = {
			isa = PBXContainerItemProxy;
			containerPortal = 9B3664AE2A6A3BD2009E2161 /* Project object */;
			proxyType = 1;
			remoteGlobalIDString = 9B3664B52A6A3BD2009E2161;
			remoteInfo = Project39;
		};
/* End PBXContainerItemProxy section */

/* Begin PBXFileReference section */
		9B3664B62A6A3BD2009E2161 /* Project39.app */ = {isa = PBXFileReference; explicitFileType = wrapper.application; includeInIndex = 0; path = Project39.app; sourceTree = BUILT_PRODUCTS_DIR; };
		9B3664B92A6A3BD2009E2161 /* AppDelegate.swift */ = {isa = PBXFileReference; lastKnownFileType = sourcecode.swift; path = AppDelegate.swift; sourceTree = "<group>"; };
		9B3664BB2A6A3BD2009E2161 /* SceneDelegate.swift */ = {isa = PBXFileReference; lastKnownFileType = sourcecode.swift; path = SceneDelegate.swift; sourceTree = "<group>"; };
		9B3664BD2A6A3BD2009E2161 /* ViewController.swift */ = {isa = PBXFileReference; lastKnownFileType = sourcecode.swift; path = ViewController.swift; sourceTree = "<group>"; };
		9B3664C02A6A3BD2009E2161 /* Base */ = {isa = PBXFileReference; lastKnownFileType = file.storyboard; name = Base; path = Base.lproj/Main.storyboard; sourceTree = "<group>"; };
		9B3664C22A6A3BD7009E2161 /* Assets.xcassets */ = {isa = PBXFileReference; lastKnownFileType = folder.assetcatalog; path = Assets.xcassets; sourceTree = "<group>"; };
		9B3664C52A6A3BD7009E2161 /* Base */ = {isa = PBXFileReference; lastKnownFileType = file.storyboard; name = Base; path = Base.lproj/LaunchScreen.storyboard; sourceTree = "<group>"; };
		9B3664C72A6A3BD7009E2161 /* Info.plist */ = {isa = PBXFileReference; lastKnownFileType = text.plist.xml; path = Info.plist; sourceTree = "<group>"; };
		9B3664CC2A6A3BD7009E2161 /* Project39Tests.xctest */ = {isa = PBXFileReference; explicitFileType = wrapper.cfbundle; includeInIndex = 0; path = Project39Tests.xctest; sourceTree = BUILT_PRODUCTS_DIR; };
		9B3664D02A6A3BD7009E2161 /* Project39Tests.swift */ = {isa = PBXFileReference; lastKnownFileType = sourcecode.swift; path = Project39Tests.swift; sourceTree = "<group>"; };
		9B3664D62A6A3BD7009E2161 /* Project39UITests.xctest */ = {isa = PBXFileReference; explicitFileType = wrapper.cfbundle; includeInIndex = 0; path = Project39UITests.xctest; sourceTree = BUILT_PRODUCTS_DIR; };
		9B3664DA2A6A3BD7009E2161 /* Project39UITests.swift */ = {isa = PBXFileReference; lastKnownFileType = sourcecode.swift; path = Project39UITests.swift; sourceTree = "<group>"; };
		9B3664DC2A6A3BD7009E2161 /* Project39UITestsLaunchTests.swift */ = {isa = PBXFileReference; lastKnownFileType = sourcecode.swift; path = Project39UITestsLaunchTests.swift; sourceTree = "<group>"; };
		9B3664E92A6A3C38009E2161 /* plays.txt */ = {isa = PBXFileReference; fileEncoding = 4; lastKnownFileType = text; path = plays.txt; sourceTree = "<group>"; };
		9B3664EB2A6A3EB1009E2161 /* PlayData.swift */ = {isa = PBXFileReference; lastKnownFileType = sourcecode.swift; path = PlayData.swift; sourceTree = "<group>"; };
/* End PBXFileReference section */

/* Begin PBXFrameworksBuildPhase section */
		9B3664B32A6A3BD2009E2161 /* Frameworks */ = {
			isa = PBXFrameworksBuildPhase;
			buildActionMask = 2147483647;
			files = (
			);
			runOnlyForDeploymentPostprocessing = 0;
		};
		9B3664C92A6A3BD7009E2161 /* Frameworks */ = {
			isa = PBXFrameworksBuildPhase;
			buildActionMask = 2147483647;
			files = (
			);
			runOnlyForDeploymentPostprocessing = 0;
		};
		9B3664D32A6A3BD7009E2161 /* Frameworks */ = {
			isa = PBXFrameworksBuildPhase;
			buildActionMask = 2147483647;
			files = (
			);
			runOnlyForDeploymentPostprocessing = 0;
		};
/* End PBXFrameworksBuildPhase section */

/* Begin PBXGroup section */
		9B3664AD2A6A3BD2009E2161 = {
			isa = PBXGroup;
			children = (
				9B3664B82A6A3BD2009E2161 /* Project39 */,
				9B3664CF2A6A3BD7009E2161 /* Project39Tests */,
				9B3664D92A6A3BD7009E2161 /* Project39UITests */,
				9B3664B72A6A3BD2009E2161 /* Products */,
			);
			sourceTree = "<group>";
		};
		9B3664B72A6A3BD2009E2161 /* Products */ = {
			isa = PBXGroup;
			children = (
				9B3664B62A6A3BD2009E2161 /* Project39.app */,
				9B3664CC2A6A3BD7009E2161 /* Project39Tests.xctest */,
				9B3664D62A6A3BD7009E2161 /* Project39UITests.xctest */,
			);
			name = Products;
			sourceTree = "<group>";
		};
		9B3664B82A6A3BD2009E2161 /* Project39 */ = {
			isa = PBXGroup;
			children = (
				9B3664E92A6A3C38009E2161 /* plays.txt */,
				9B3664B92A6A3BD2009E2161 /* AppDelegate.swift */,
				9B3664BB2A6A3BD2009E2161 /* SceneDelegate.swift */,
				9B3664BD2A6A3BD2009E2161 /* ViewController.swift */,
				9B3664BF2A6A3BD2009E2161 /* Main.storyboard */,
				9B3664EB2A6A3EB1009E2161 /* PlayData.swift */,
				9B3664C22A6A3BD7009E2161 /* Assets.xcassets */,
				9B3664C42A6A3BD7009E2161 /* LaunchScreen.storyboard */,
				9B3664C72A6A3BD7009E2161 /* Info.plist */,
			);
			path = Project39;
			sourceTree = "<group>";
		};
		9B3664CF2A6A3BD7009E2161 /* Project39Tests */ = {
			isa = PBXGroup;
			children = (
				9B3664D02A6A3BD7009E2161 /* Project39Tests.swift */,
			);
			path = Project39Tests;
			sourceTree = "<group>";
		};
		9B3664D92A6A3BD7009E2161 /* Project39UITests */ = {
			isa = PBXGroup;
			children = (
				9B3664DA2A6A3BD7009E2161 /* Project39UITests.swift */,
				9B3664DC2A6A3BD7009E2161 /* Project39UITestsLaunchTests.swift */,
			);
			path = Project39UITests;
			sourceTree = "<group>";
		};
/* End PBXGroup section */

/* Begin PBXNativeTarget section */
		9B3664B52A6A3BD2009E2161 /* Project39 */ = {
			isa = PBXNativeTarget;
			buildConfigurationList = 9B3664E02A6A3BD7009E2161 /* Build configuration list for PBXNativeTarget "Project39" */;
			buildPhases = (
				9B3664B22A6A3BD2009E2161 /* Sources */,
				9B3664B32A6A3BD2009E2161 /* Frameworks */,
				9B3664B42A6A3BD2009E2161 /* Resources */,
			);
			buildRules = (
			);
			dependencies = (
			);
			name = Project39;
			productName = Project39;
			productReference = 9B3664B62A6A3BD2009E2161 /* Project39.app */;
			productType = "com.apple.product-type.application";
		};
		9B3664CB2A6A3BD7009E2161 /* Project39Tests */ = {
			isa = PBXNativeTarget;
			buildConfigurationList = 9B3664E32A6A3BD7009E2161 /* Build configuration list for PBXNativeTarget "Project39Tests" */;
			buildPhases = (
				9B3664C82A6A3BD7009E2161 /* Sources */,
				9B3664C92A6A3BD7009E2161 /* Frameworks */,
				9B3664CA2A6A3BD7009E2161 /* Resources */,
			);
			buildRules = (
			);
			dependencies = (
				9B3664CE2A6A3BD7009E2161 /* PBXTargetDependency */,
			);
			name = Project39Tests;
			productName = Project39Tests;
			productReference = 9B3664CC2A6A3BD7009E2161 /* Project39Tests.xctest */;
			productType = "com.apple.product-type.bundle.unit-test";
		};
		9B3664D52A6A3BD7009E2161 /* Project39UITests */ = {
			isa = PBXNativeTarget;
			buildConfigurationList = 9B3664E62A6A3BD7009E2161 /* Build configuration list for PBXNativeTarget "Project39UITests" */;
			buildPhases = (
				9B3664D22A6A3BD7009E2161 /* Sources */,
				9B3664D32A6A3BD7009E2161 /* Frameworks */,
				9B3664D42A6A3BD7009E2161 /* Resources */,
			);
			buildRules = (
			);
			dependencies = (
				9B3664D82A6A3BD7009E2161 /* PBXTargetDependency */,
			);
			name = Project39UITests;
			productName = Project39UITests;
			productReference = 9B3664D62A6A3BD7009E2161 /* Project39UITests.xctest */;
			productType = "com.apple.product-type.bundle.ui-testing";
		};
/* End PBXNativeTarget section */

/* Begin PBXProject section */
		9B3664AE2A6A3BD2009E2161 /* Project object */ = {
			isa = PBXProject;
			attributes = {
				BuildIndependentTargetsInParallel = 1;
				LastSwiftUpdateCheck = 1430;
				LastUpgradeCheck = 1430;
				TargetAttributes = {
					9B3664B52A6A3BD2009E2161 = {
						CreatedOnToolsVersion = 14.3.1;
					};
					9B3664CB2A6A3BD7009E2161 = {
						CreatedOnToolsVersion = 14.3.1;
						TestTargetID = 9B3664B52A6A3BD2009E2161;
					};
					9B3664D52A6A3BD7009E2161 = {
						CreatedOnToolsVersion = 14.3.1;
						TestTargetID = 9B3664B52A6A3BD2009E2161;
					};
				};
			};
			buildConfigurationList = 9B3664B12A6A3BD2009E2161 /* Build configuration list for PBXProject "Project39" */;
			compatibilityVersion = "Xcode 14.0";
			developmentRegion = en;
			hasScannedForEncodings = 0;
			knownRegions = (
				en,
				Base,
			);
			mainGroup = 9B3664AD2A6A3BD2009E2161;
			productRefGroup = 9B3664B72A6A3BD2009E2161 /* Products */;
			projectDirPath = "";
			projectRoot = "";
			targets = (
				9B3664B52A6A3BD2009E2161 /* Project39 */,
				9B3664CB2A6A3BD7009E2161 /* Project39Tests */,
				9B3664D52A6A3BD7009E2161 /* Project39UITests */,
			);
		};
/* End PBXProject section */

/* Begin PBXResourcesBuildPhase section */
		9B3664B42A6A3BD2009E2161 /* Resources */ = {
			isa = PBXResourcesBuildPhase;
			buildActionMask = 2147483647;
			files = (
				9B3664EA2A6A3C39009E2161 /* plays.txt in Resources */,
				9B3664C62A6A3BD7009E2161 /* LaunchScreen.storyboard in Resources */,
				9B3664C32A6A3BD7009E2161 /* Assets.xcassets in Resources */,
				9B3664C12A6A3BD2009E2161 /* Main.storyboard in Resources */,
			);
			runOnlyForDeploymentPostprocessing = 0;
		};
		9B3664CA2A6A3BD7009E2161 /* Resources */ = {
			isa = PBXResourcesBuildPhase;
			buildActionMask = 2147483647;
			files = (
			);
			runOnlyForDeploymentPostprocessing = 0;
		};
		9B3664D42A6A3BD7009E2161 /* Resources */ = {
			isa = PBXResourcesBuildPhase;
			buildActionMask = 2147483647;
			files = (
			);
			runOnlyForDeploymentPostprocessing = 0;
		};
/* End PBXResourcesBuildPhase section */

/* Begin PBXSourcesBuildPhase section */
		9B3664B22A6A3BD2009E2161 /* Sources */ = {
			isa = PBXSourcesBuildPhase;
			buildActionMask = 2147483647;
			files = (
				9B3664BE2A6A3BD2009E2161 /* ViewController.swift in Sources */,
				9B3664EC2A6A3EB1009E2161 /* PlayData.swift in Sources */,
				9B3664BA2A6A3BD2009E2161 /* AppDelegate.swift in Sources */,
				9B3664BC2A6A3BD2009E2161 /* SceneDelegate.swift in Sources */,
			);
			runOnlyForDeploymentPostprocessing = 0;
		};
		9B3664C82A6A3BD7009E2161 /* Sources */ = {
			isa = PBXSourcesBuildPhase;
			buildActionMask = 2147483647;
			files = (
				9B3664D12A6A3BD7009E2161 /* Project39Tests.swift in Sources */,
			);
			runOnlyForDeploymentPostprocessing = 0;
		};
		9B3664D22A6A3BD7009E2161 /* Sources */ = {
			isa = PBXSourcesBuildPhase;
			buildActionMask = 2147483647;
			files = (
				9B3664DD2A6A3BD7009E2161 /* Project39UITestsLaunchTests.swift in Sources */,
				9B3664DB2A6A3BD7009E2161 /* Project39UITests.swift in Sources */,
			);
			runOnlyForDeploymentPostprocessing = 0;
		};
/* End PBXSourcesBuildPhase section */

/* Begin PBXTargetDependency section */
		9B3664CE2A6A3BD7009E2161 /* PBXTargetDependency */ = {
			isa = PBXTargetDependency;
			target = 9B3664B52A6A3BD2009E2161 /* Project39 */;
			targetProxy = 9B3664CD2A6A3BD7009E2161 /* PBXContainerItemProxy */;
		};
		9B3664D82A6A3BD7009E2161 /* PBXTargetDependency */ = {
			isa = PBXTargetDependency;
			target = 9B3664B52A6A3BD2009E2161 /* Project39 */;
			targetProxy = 9B3664D72A6A3BD7009E2161 /* PBXContainerItemProxy */;
		};
/* End PBXTargetDependency section */

/* Begin PBXVariantGroup section */
		9B3664BF2A6A3BD2009E2161 /* Main.storyboard */ = {
			isa = PBXVariantGroup;
			children = (
				9B3664C02A6A3BD2009E2161 /* Base */,
			);
			name = Main.storyboard;
			sourceTree = "<group>";
		};
		9B3664C42A6A3BD7009E2161 /* LaunchScreen.storyboard */ = {
			isa = PBXVariantGroup;
			children = (
				9B3664C52A6A3BD7009E2161 /* Base */,
			);
			name = LaunchScreen.storyboard;
			sourceTree = "<group>";
		};
/* End PBXVariantGroup section */

/* Begin XCBuildConfiguration section */
		9B3664DE2A6A3BD7009E2161 /* Debug */ = {
			isa = XCBuildConfiguration;
			buildSettings = {
				ALWAYS_SEARCH_USER_PATHS = NO;
				CLANG_ANALYZER_NONNULL = YES;
				CLANG_ANALYZER_NUMBER_OBJECT_CONVERSION = YES_AGGRESSIVE;
				CLANG_CXX_LANGUAGE_STANDARD = "gnu++20";
				CLANG_ENABLE_MODULES = YES;
				CLANG_ENABLE_OBJC_ARC = YES;
				CLANG_ENABLE_OBJC_WEAK = YES;
				CLANG_WARN_BLOCK_CAPTURE_AUTORELEASING = YES;
				CLANG_WARN_BOOL_CONVERSION = YES;
				CLANG_WARN_COMMA = YES;
				CLANG_WARN_CONSTANT_CONVERSION = YES;
				CLANG_WARN_DEPRECATED_OBJC_IMPLEMENTATIONS = YES;
				CLANG_WARN_DIRECT_OBJC_ISA_USAGE = YES_ERROR;
				CLANG_WARN_DOCUMENTATION_COMMENTS = YES;
				CLANG_WARN_EMPTY_BODY = YES;
				CLANG_WARN_ENUM_CONVERSION = YES;
				CLANG_WARN_INFINITE_RECURSION = YES;
				CLANG_WARN_INT_CONVERSION = YES;
				CLANG_WARN_NON_LITERAL_NULL_CONVERSION = YES;
				CLANG_WARN_OBJC_IMPLICIT_RETAIN_SELF = YES;
				CLANG_WARN_OBJC_LITERAL_CONVERSION = YES;
				CLANG_WARN_OBJC_ROOT_CLASS = YES_ERROR;
				CLANG_WARN_QUOTED_INCLUDE_IN_FRAMEWORK_HEADER = YES;
				CLANG_WARN_RANGE_LOOP_ANALYSIS = YES;
				CLANG_WARN_STRICT_PROTOTYPES = YES;
				CLANG_WARN_SUSPICIOUS_MOVE = YES;
				CLANG_WARN_UNGUARDED_AVAILABILITY = YES_AGGRESSIVE;
				CLANG_WARN_UNREACHABLE_CODE = YES;
				CLANG_WARN__DUPLICATE_METHOD_MATCH = YES;
				COPY_PHASE_STRIP = NO;
				DEBUG_INFORMATION_FORMAT = dwarf;
				ENABLE_STRICT_OBJC_MSGSEND = YES;
				ENABLE_TESTABILITY = YES;
				GCC_C_LANGUAGE_STANDARD = gnu11;
				GCC_DYNAMIC_NO_PIC = NO;
				GCC_NO_COMMON_BLOCKS = YES;
				GCC_OPTIMIZATION_LEVEL = 0;
				GCC_PREPROCESSOR_DEFINITIONS = (
					"DEBUG=1",
					"$(inherited)",
				);
				GCC_WARN_64_TO_32_BIT_CONVERSION = YES;
				GCC_WARN_ABOUT_RETURN_TYPE = YES_ERROR;
				GCC_WARN_UNDECLARED_SELECTOR = YES;
				GCC_WARN_UNINITIALIZED_AUTOS = YES_AGGRESSIVE;
				GCC_WARN_UNUSED_FUNCTION = YES;
				GCC_WARN_UNUSED_VARIABLE = YES;
				IPHONEOS_DEPLOYMENT_TARGET = 16.4;
				MTL_ENABLE_DEBUG_INFO = INCLUDE_SOURCE;
				MTL_FAST_MATH = YES;
				ONLY_ACTIVE_ARCH = YES;
				SDKROOT = iphoneos;
				SWIFT_ACTIVE_COMPILATION_CONDITIONS = DEBUG;
				SWIFT_OPTIMIZATION_LEVEL = "-Onone";
			};
			name = Debug;
		};
		9B3664DF2A6A3BD7009E2161 /* Release */ = {
			isa = XCBuildConfiguration;
			buildSettings = {
				ALWAYS_SEARCH_USER_PATHS = NO;
				CLANG_ANALYZER_NONNULL = YES;
				CLANG_ANALYZER_NUMBER_OBJECT_CONVERSION = YES_AGGRESSIVE;
				CLANG_CXX_LANGUAGE_STANDARD = "gnu++20";
				CLANG_ENABLE_MODULES = YES;
				CLANG_ENABLE_OBJC_ARC = YES;
				CLANG_ENABLE_OBJC_WEAK = YES;
				CLANG_WARN_BLOCK_CAPTURE_AUTORELEASING = YES;
				CLANG_WARN_BOOL_CONVERSION = YES;
				CLANG_WARN_COMMA = YES;
				CLANG_WARN_CONSTANT_CONVERSION = YES;
				CLANG_WARN_DEPRECATED_OBJC_IMPLEMENTATIONS = YES;
				CLANG_WARN_DIRECT_OBJC_ISA_USAGE = YES_ERROR;
				CLANG_WARN_DOCUMENTATION_COMMENTS = YES;
				CLANG_WARN_EMPTY_BODY = YES;
				CLANG_WARN_ENUM_CONVERSION = YES;
				CLANG_WARN_INFINITE_RECURSION = YES;
				CLANG_WARN_INT_CONVERSION = YES;
				CLANG_WARN_NON_LITERAL_NULL_CONVERSION = YES;
				CLANG_WARN_OBJC_IMPLICIT_RETAIN_SELF = YES;
				CLANG_WARN_OBJC_LITERAL_CONVERSION = YES;
				CLANG_WARN_OBJC_ROOT_CLASS = YES_ERROR;
				CLANG_WARN_QUOTED_INCLUDE_IN_FRAMEWORK_HEADER = YES;
				CLANG_WARN_RANGE_LOOP_ANALYSIS = YES;
				CLANG_WARN_STRICT_PROTOTYPES = YES;
				CLANG_WARN_SUSPICIOUS_MOVE = YES;
				CLANG_WARN_UNGUARDED_AVAILABILITY = YES_AGGRESSIVE;
				CLANG_WARN_UNREACHABLE_CODE = YES;
				CLANG_WARN__DUPLICATE_METHOD_MATCH = YES;
				COPY_PHASE_STRIP = NO;
				DEBUG_INFORMATION_FORMAT = "dwarf-with-dsym";
				ENABLE_NS_ASSERTIONS = NO;
				ENABLE_STRICT_OBJC_MSGSEND = YES;
				GCC_C_LANGUAGE_STANDARD = gnu11;
				GCC_NO_COMMON_BLOCKS = YES;
				GCC_WARN_64_TO_32_BIT_CONVERSION = YES;
				GCC_WARN_ABOUT_RETURN_TYPE = YES_ERROR;
				GCC_WARN_UNDECLARED_SELECTOR = YES;
				GCC_WARN_UNINITIALIZED_AUTOS = YES_AGGRESSIVE;
				GCC_WARN_UNUSED_FUNCTION = YES;
				GCC_WARN_UNUSED_VARIABLE = YES;
				IPHONEOS_DEPLOYMENT_TARGET = 16.4;
				MTL_ENABLE_DEBUG_INFO = NO;
				MTL_FAST_MATH = YES;
				SDKROOT = iphoneos;
				SWIFT_COMPILATION_MODE = wholemodule;
				SWIFT_OPTIMIZATION_LEVEL = "-O";
				VALIDATE_PRODUCT = YES;
			};
			name = Release;
		};
		9B3664E12A6A3BD7009E2161 /* Debug */ = {
			isa = XCBuildConfiguration;
			buildSettings = {
				ASSETCATALOG_COMPILER_APPICON_NAME = AppIcon;
				ASSETCATALOG_COMPILER_GLOBAL_ACCENT_COLOR_NAME = AccentColor;
				CODE_SIGN_STYLE = Automatic;
				CURRENT_PROJECT_VERSION = 1;
				DEVELOPMENT_TEAM = 3NXJ972C93;
				GENERATE_INFOPLIST_FILE = YES;
				INFOPLIST_FILE = Project39/Info.plist;
				INFOPLIST_KEY_UIApplicationSupportsIndirectInputEvents = YES;
				INFOPLIST_KEY_UILaunchStoryboardName = LaunchScreen;
				INFOPLIST_KEY_UIMainStoryboardFile = Main;
				INFOPLIST_KEY_UISupportedInterfaceOrientations_iPad = "UIInterfaceOrientationPortrait UIInterfaceOrientationPortraitUpsideDown UIInterfaceOrientationLandscapeLeft UIInterfaceOrientationLandscapeRight";
				INFOPLIST_KEY_UISupportedInterfaceOrientations_iPhone = "UIInterfaceOrientationPortrait UIInterfaceOrientationLandscapeLeft UIInterfaceOrientationLandscapeRight";
				LD_RUNPATH_SEARCH_PATHS = (
					"$(inherited)",
					"@executable_path/Frameworks",
				);
				MARKETING_VERSION = 1.0;
				PRODUCT_BUNDLE_IDENTIFIER = com.ofss.digx.obdx.zigbank.Project39;
				PRODUCT_NAME = "$(TARGET_NAME)";
				SWIFT_EMIT_LOC_STRINGS = YES;
				SWIFT_VERSION = 5.0;
				TARGETED_DEVICE_FAMILY = "1,2";
			};
			name = Debug;
		};
		9B3664E22A6A3BD7009E2161 /* Release */ = {
			isa = XCBuildConfiguration;
			buildSettings = {
				ASSETCATALOG_COMPILER_APPICON_NAME = AppIcon;
				ASSETCATALOG_COMPILER_GLOBAL_ACCENT_COLOR_NAME = AccentColor;
				CODE_SIGN_STYLE = Automatic;
				CURRENT_PROJECT_VERSION = 1;
				DEVELOPMENT_TEAM = 3NXJ972C93;
				GENERATE_INFOPLIST_FILE = YES;
				INFOPLIST_FILE = Project39/Info.plist;
				INFOPLIST_KEY_UIApplicationSupportsIndirectInputEvents = YES;
				INFOPLIST_KEY_UILaunchStoryboardName = LaunchScreen;
				INFOPLIST_KEY_UIMainStoryboardFile = Main;
				INFOPLIST_KEY_UISupportedInterfaceOrientations_iPad = "UIInterfaceOrientationPortrait UIInterfaceOrientationPortraitUpsideDown UIInterfaceOrientationLandscapeLeft UIInterfaceOrientationLandscapeRight";
				INFOPLIST_KEY_UISupportedInterfaceOrientations_iPhone = "UIInterfaceOrientationPortrait UIInterfaceOrientationLandscapeLeft UIInterfaceOrientationLandscapeRight";
				LD_RUNPATH_SEARCH_PATHS = (
					"$(inherited)",
					"@executable_path/Frameworks",
				);
				MARKETING_VERSION = 1.0;
				PRODUCT_BUNDLE_IDENTIFIER = com.ofss.digx.obdx.zigbank.Project39;
				PRODUCT_NAME = "$(TARGET_NAME)";
				SWIFT_EMIT_LOC_STRINGS = YES;
				SWIFT_VERSION = 5.0;
				TARGETED_DEVICE_FAMILY = "1,2";
			};
			name = Release;
		};
		9B3664E42A6A3BD7009E2161 /* Debug */ = {
			isa = XCBuildConfiguration;
			buildSettings = {
				ALWAYS_EMBED_SWIFT_STANDARD_LIBRARIES = YES;
				BUNDLE_LOADER = "$(TEST_HOST)";
				CODE_SIGN_STYLE = Automatic;
				CURRENT_PROJECT_VERSION = 1;
				DEVELOPMENT_TEAM = 3NXJ972C93;
				GENERATE_INFOPLIST_FILE = YES;
				IPHONEOS_DEPLOYMENT_TARGET = 16.4;
				MARKETING_VERSION = 1.0;
				PRODUCT_BUNDLE_IDENTIFIER = com.ofss.digx.obdx.zigbank.Project39Tests;
				PRODUCT_NAME = "$(TARGET_NAME)";
				SWIFT_EMIT_LOC_STRINGS = NO;
				SWIFT_VERSION = 5.0;
				TARGETED_DEVICE_FAMILY = "1,2";
				TEST_HOST = "$(BUILT_PRODUCTS_DIR)/Project39.app/$(BUNDLE_EXECUTABLE_FOLDER_PATH)/Project39";
			};
			name = Debug;
		};
		9B3664E52A6A3BD7009E2161 /* Release */ = {
			isa = XCBuildConfiguration;
			buildSettings = {
				ALWAYS_EMBED_SWIFT_STANDARD_LIBRARIES = YES;
				BUNDLE_LOADER = "$(TEST_HOST)";
				CODE_SIGN_STYLE = Automatic;
				CURRENT_PROJECT_VERSION = 1;
				DEVELOPMENT_TEAM = 3NXJ972C93;
				GENERATE_INFOPLIST_FILE = YES;
				IPHONEOS_DEPLOYMENT_TARGET = 16.4;
				MARKETING_VERSION = 1.0;
				PRODUCT_BUNDLE_IDENTIFIER = com.ofss.digx.obdx.zigbank.Project39Tests;
				PRODUCT_NAME = "$(TARGET_NAME)";
				SWIFT_EMIT_LOC_STRINGS = NO;
				SWIFT_VERSION = 5.0;
				TARGETED_DEVICE_FAMILY = "1,2";
				TEST_HOST = "$(BUILT_PRODUCTS_DIR)/Project39.app/$(BUNDLE_EXECUTABLE_FOLDER_PATH)/Project39";
			};
			name = Release;
		};
		9B3664E72A6A3BD7009E2161 /* Debug */ = {
			isa = XCBuildConfiguration;
			buildSettings = {
				ALWAYS_EMBED_SWIFT_STANDARD_LIBRARIES = YES;
				CODE_SIGN_STYLE = Automatic;
				CURRENT_PROJECT_VERSION = 1;
				DEVELOPMENT_TEAM = 3NXJ972C93;
				GENERATE_INFOPLIST_FILE = YES;
				MARKETING_VERSION = 1.0;
				PRODUCT_BUNDLE_IDENTIFIER = com.ofss.digx.obdx.zigbank.Project39UITests;
				PRODUCT_NAME = "$(TARGET_NAME)";
				SWIFT_EMIT_LOC_STRINGS = NO;
				SWIFT_VERSION = 5.0;
				TARGETED_DEVICE_FAMILY = "1,2";
				TEST_TARGET_NAME = Project39;
			};
			name = Debug;
		};
		9B3664E82A6A3BD7009E2161 /* Release */ = {
			isa = XCBuildConfiguration;
			buildSettings = {
				ALWAYS_EMBED_SWIFT_STANDARD_LIBRARIES = YES;
				CODE_SIGN_STYLE = Automatic;
				CURRENT_PROJECT_VERSION = 1;
				DEVELOPMENT_TEAM = 3NXJ972C93;
				GENERATE_INFOPLIST_FILE = YES;
				MARKETING_VERSION = 1.0;
				PRODUCT_BUNDLE_IDENTIFIER = com.ofss.digx.obdx.zigbank.Project39UITests;
				PRODUCT_NAME = "$(TARGET_NAME)";
				SWIFT_EMIT_LOC_STRINGS = NO;
				SWIFT_VERSION = 5.0;
				TARGETED_DEVICE_FAMILY = "1,2";
				TEST_TARGET_NAME = Project39;
			};
			name = Release;
		};
/* End XCBuildConfiguration section */

/* Begin XCConfigurationList section */
		9B3664B12A6A3BD2009E2161 /* Build configuration list for PBXProject "Project39" */ = {
			isa = XCConfigurationList;
			buildConfigurations = (
				9B3664DE2A6A3BD7009E2161 /* Debug */,
				9B3664DF2A6A3BD7009E2161 /* Release */,
			);
			defaultConfigurationIsVisible = 0;
			defaultConfigurationName = Release;
		};
		9B3664E02A6A3BD7009E2161 /* Build configuration list for PBXNativeTarget "Project39" */ = {
			isa = XCConfigurationList;
			buildConfigurations = (
				9B3664E12A6A3BD7009E2161 /* Debug */,
				9B3664E22A6A3BD7009E2161 /* Release */,
			);
			defaultConfigurationIsVisible = 0;
			defaultConfigurationName = Release;
		};
		9B3664E32A6A3BD7009E2161 /* Build configuration list for PBXNativeTarget "Project39Tests" */ = {
			isa = XCConfigurationList;
			buildConfigurations = (
				9B3664E42A6A3BD7009E2161 /* Debug */,
				9B3664E52A6A3BD7009E2161 /* Release */,
			);
			defaultConfigurationIsVisible = 0;
			defaultConfigurationName = Release;
		};
		9B3664E62A6A3BD7009E2161 /* Build configuration list for PBXNativeTarget "Project39UITests" */ = {
			isa = XCConfigurationList;
			buildConfigurations = (
				9B3664E72A6A3BD7009E2161 /* Debug */,
				9B3664E82A6A3BD7009E2161 /* Release */,
			);
			defaultConfigurationIsVisible = 0;
			defaultConfigurationName = Release;
		};
/* End XCConfigurationList section */
	};
	rootObject = 9B3664AE2A6A3BD2009E2161 /* Project object */;
}
